
Microsoft Visual Studio Solution File, Format Version 12.00
# Visual Studio Version 16
VisualStudioVersion = 25.0.1706.3
MinimumVisualStudioVersion = 10.0.40219.1
Project("{FAE04EC0-301F-11D3-BF4B-00C04F79EFBC}") = "Modul1", "Modul1\Modul1.csproj", "{240872C3-26AE-4FEB-929F-269B0DB2AD34}"
EndProject
Project("{FAE04EC0-301F-11D3-BF4B-00C04F79EFBC}") = "Modul2", "Modul2\Modul2.csproj", "{558A35DC-A5F6-40D6-A9A7-10DF7C30892C}"
EndProject
Project("{FAE04EC0-301F-11D3-BF4B-00C04F79EFBC}") = "Modul4", "Modul4\Modul4.csproj", "{851D58D6-604C-4AE6-AD89-C23E72F94A6A}"
EndProject
Project("{FAE04EC0-301F-11D3-BF4B-00C04F79EFBC}") = "Modul5", "Modul5\Modul5.csproj", "{525F08A8-BFAC-4C6B-BA30-28BB9840560D}"
EndProject
Project("{2150E333-8FDC-42A3-9474-1A3956D46DE8}") = "Solution Items", "Solution Items", "{9BD3F9C5-94DD-444B-8B54-BC39F97C8104}"
	ProjectSection(SolutionItems) = preProject
		.editorconfig = .editorconfig
	EndProjectSection
EndProject
Global
	GlobalSection(SolutionConfigurationPlatforms) = preSolution
		Debug|Any CPU = Debug|Any CPU
		Release|Any CPU = Release|Any CPU
	EndGlobalSection
	GlobalSection(ProjectConfigurationPlatforms) = postSolution
		{240872C3-26AE-4FEB-929F-269B0DB2AD34}.Debug|Any CPU.ActiveCfg = Debug|Any CPU
		{240872C3-26AE-4FEB-929F-269B0DB2AD34}.Debug|Any CPU.Build.0 = Debug|Any CPU
		{240872C3-26AE-4FEB-929F-269B0DB2AD34}.Release|Any CPU.ActiveCfg = Release|Any CPU
		{240872C3-26AE-4FEB-929F-269B0DB2AD34}.Release|Any CPU.Build.0 = Release|Any CPU
		{558A35DC-A5F6-40D6-A9A7-10DF7C30892C}.Debug|Any CPU.ActiveCfg = Debug|Any CPU
		{558A35DC-A5F6-40D6-A9A7-10DF7C30892C}.Debug|Any CPU.Build.0 = Debug|Any CPU
		{558A35DC-A5F6-40D6-A9A7-10DF7C30892C}.Release|Any CPU.ActiveCfg = Release|Any CPU
		{558A35DC-A5F6-40D6-A9A7-10DF7C30892C}.Release|Any CPU.Build.0 = Release|Any CPU
		{851D58D6-604C-4AE6-AD89-C23E72F94A6A}.Debug|Any CPU.ActiveCfg = Debug|Any CPU
		{851D58D6-604C-4AE6-AD89-C23E72F94A6A}.Debug|Any CPU.Build.0 = Debug|Any CPU
		{851D58D6-604C-4AE6-AD89-C23E72F94A6A}.Release|Any CPU.ActiveCfg = Release|Any CPU
		{851D58D6-604C-4AE6-AD89-C23E72F94A6A}.Release|Any CPU.Build.0 = Release|Any CPU
		{525F08A8-BFAC-4C6B-BA30-28BB9840560D}.Debug|Any CPU.ActiveCfg = Debug|Any CPU
		{525F08A8-BFAC-4C6B-BA30-28BB9840560D}.Debug|Any CPU.Build.0 = Debug|Any CPU
		{525F08A8-BFAC-4C6B-BA30-28BB9840560D}.Release|Any CPU.ActiveCfg = Release|Any CPU
		{525F08A8-BFAC-4C6B-BA30-28BB9840560D}.Release|Any CPU.Build.0 = Release|Any CPU
	EndGlobalSection
	GlobalSection(SolutionProperties) = preSolution
		HideSolutionNode = FALSE
	EndGlobalSection
	GlobalSection(ExtensibilityGlobals) = postSolution
		SolutionGuid = {888C458C-C915-490E-B744-97FE93A5E2B6}
	EndGlobalSection
EndGlobal
