
Microsoft Visual Studio Solution File, Format Version 12.00
# Visual Studio Version 16
VisualStudioVersion = 25.0.1706.3
MinimumVisualStudioVersion = 10.0.40219.1
Project("{FAE04EC0-301F-11D3-BF4B-00C04F79EFBC}") = "Modul1", "Modul1\Modul1.csproj", "{240872C3-26AE-4FEB-929F-269B0DB2AD34}"
EndProject
Project("{FAE04EC0-301F-11D3-BF4B-00C04F79EFBC}") = "Modul2", "Modul2\Modul2.csproj", "{558A35DC-A5F6-40D6-A9A7-10DF7C30892C}"
EndProject
Project("{FAE04EC0-301F-11D3-BF4B-00C04F79EFBC}") = "Modul3", "Modul3\Modul3.csproj", "{F3CFC5B8-82AD-489C-AB60-3223B26CA333}"
EndProject
Project("{FAE04EC0-301F-11D3-BF4B-00C04F79EFBC}") = "Modul4", "Modul4\Modul4.csproj", "{4E052AFA-2912-4621-B3C8-63498AE1ADA2}"
EndProject
Project("{FAE04EC0-301F-11D3-BF4B-00C04F79EFBC}") = "Modul5", "Modul5\Modul5.csproj", "{72FC499B-211A-4FD2-A319-CD18479BC32D}"
EndProject
Global
	GlobalSection(SolutionConfigurationPlatforms) = preSolution
		Debug|Any CPU = Debug|Any CPU
		Release|Any CPU = Release|Any CPU
	EndGlobalSection
	GlobalSection(ProjectConfigurationPlatforms) = postSolution
		{240872C3-26AE-4FEB-929F-269B0DB2AD34}.Debug|Any CPU.ActiveCfg = Debug|Any CPU
		{240872C3-26AE-4FEB-929F-269B0DB2AD34}.Debug|Any CPU.Build.0 = Debug|Any CPU
		{240872C3-26AE-4FEB-929F-269B0DB2AD34}.Release|Any CPU.ActiveCfg = Release|Any CPU
		{240872C3-26AE-4FEB-929F-269B0DB2AD34}.Release|Any CPU.Build.0 = Release|Any CPU
		{558A35DC-A5F6-40D6-A9A7-10DF7C30892C}.Debug|Any CPU.ActiveCfg = Debug|Any CPU
		{558A35DC-A5F6-40D6-A9A7-10DF7C30892C}.Debug|Any CPU.Build.0 = Debug|Any CPU
		{558A35DC-A5F6-40D6-A9A7-10DF7C30892C}.Release|Any CPU.ActiveCfg = Release|Any CPU
		{558A35DC-A5F6-40D6-A9A7-10DF7C30892C}.Release|Any CPU.Build.0 = Release|Any CPU
		{F3CFC5B8-82AD-489C-AB60-3223B26CA333}.Debug|Any CPU.ActiveCfg = Debug|Any CPU
		{F3CFC5B8-82AD-489C-AB60-3223B26CA333}.Debug|Any CPU.Build.0 = Debug|Any CPU
		{F3CFC5B8-82AD-489C-AB60-3223B26CA333}.Release|Any CPU.ActiveCfg = Release|Any CPU
		{F3CFC5B8-82AD-489C-AB60-3223B26CA333}.Release|Any CPU.Build.0 = Release|Any CPU
		{4E052AFA-2912-4621-B3C8-63498AE1ADA2}.Debug|Any CPU.ActiveCfg = Debug|Any CPU
		{4E052AFA-2912-4621-B3C8-63498AE1ADA2}.Debug|Any CPU.Build.0 = Debug|Any CPU
		{4E052AFA-2912-4621-B3C8-63498AE1ADA2}.Release|Any CPU.ActiveCfg = Release|Any CPU
		{4E052AFA-2912-4621-B3C8-63498AE1ADA2}.Release|Any CPU.Build.0 = Release|Any CPU
		{72FC499B-211A-4FD2-A319-CD18479BC32D}.Debug|Any CPU.ActiveCfg = Debug|Any CPU
		{72FC499B-211A-4FD2-A319-CD18479BC32D}.Debug|Any CPU.Build.0 = Debug|Any CPU
		{72FC499B-211A-4FD2-A319-CD18479BC32D}.Release|Any CPU.ActiveCfg = Release|Any CPU
		{72FC499B-211A-4FD2-A319-CD18479BC32D}.Release|Any CPU.Build.0 = Release|Any CPU
	EndGlobalSection
	GlobalSection(SolutionProperties) = preSolution
		HideSolutionNode = FALSE
	EndGlobalSection
	GlobalSection(ExtensibilityGlobals) = postSolution
		SolutionGuid = {888C458C-C915-490E-B744-97FE93A5E2B6}
	EndGlobalSection
EndGlobal
